
Microsoft Visual Studio Solution File, Format Version 12.00
# Visual Studio Version 17
VisualStudioVersion = 17.12.35707.178
MinimumVisualStudioVersion = 10.0.40219.1
Project("{FAE04EC0-301F-11D3-BF4B-00C04F79EFBC}") = "exercicio 1", "Aula 18-02-2025\exercicio 1.csproj", "{C7D54281-3E38-4125-9387-9B331BAF4132}"
EndProject
Project("{FAE04EC0-301F-11D3-BF4B-00C04F79EFBC}") = "exercicio2", "exercicio2\exercicio2.csproj", "{8A5B3B2C-095F-4CA9-B348-A79F8C5878D6}"
EndProject
Project("{2150E333-8FDC-42A3-9474-1A3956D46DE8}") = "ATIVIDADE_NELIO", "ATIVIDADE_NELIO", "{02EA681E-C7D8-13C7-8484-4AC65E1B71E8}"
EndProject
Project("{FAE04EC0-301F-11D3-BF4B-00C04F79EFBC}") = "exercicio3", "exercicio3\exercicio3.csproj", "{1A118D67-9CFF-4020-A875-47452A442B36}"
EndProject
Project("{FAE04EC0-301F-11D3-BF4B-00C04F79EFBC}") = "exercicio4", "exercicio4\exercicio4.csproj", "{4B5A04BE-57F6-4A27-8EAB-1C2159166FDB}"
EndProject
Project("{FAE04EC0-301F-11D3-BF4B-00C04F79EFBC}") = "exercicio5", "ConsoleApp1\exercicio5.csproj", "{2EF9B56A-8AC5-4E85-A9E6-A25BB0F54F77}"
EndProject
Global
	GlobalSection(SolutionConfigurationPlatforms) = preSolution
		Debug|Any CPU = Debug|Any CPU
		Release|Any CPU = Release|Any CPU
	EndGlobalSection
	GlobalSection(ProjectConfigurationPlatforms) = postSolution
		{C7D54281-3E38-4125-9387-9B331BAF4132}.Debug|Any CPU.ActiveCfg = Debug|Any CPU
		{C7D54281-3E38-4125-9387-9B331BAF4132}.Debug|Any CPU.Build.0 = Debug|Any CPU
		{C7D54281-3E38-4125-9387-9B331BAF4132}.Release|Any CPU.ActiveCfg = Release|Any CPU
		{C7D54281-3E38-4125-9387-9B331BAF4132}.Release|Any CPU.Build.0 = Release|Any CPU
		{8A5B3B2C-095F-4CA9-B348-A79F8C5878D6}.Debug|Any CPU.ActiveCfg = Debug|Any CPU
		{8A5B3B2C-095F-4CA9-B348-A79F8C5878D6}.Debug|Any CPU.Build.0 = Debug|Any CPU
		{8A5B3B2C-095F-4CA9-B348-A79F8C5878D6}.Release|Any CPU.ActiveCfg = Release|Any CPU
		{8A5B3B2C-095F-4CA9-B348-A79F8C5878D6}.Release|Any CPU.Build.0 = Release|Any CPU
		{1A118D67-9CFF-4020-A875-47452A442B36}.Debug|Any CPU.ActiveCfg = Debug|Any CPU
		{1A118D67-9CFF-4020-A875-47452A442B36}.Debug|Any CPU.Build.0 = Debug|Any CPU
		{1A118D67-9CFF-4020-A875-47452A442B36}.Release|Any CPU.ActiveCfg = Release|Any CPU
		{1A118D67-9CFF-4020-A875-47452A442B36}.Release|Any CPU.Build.0 = Release|Any CPU
		{4B5A04BE-57F6-4A27-8EAB-1C2159166FDB}.Debug|Any CPU.ActiveCfg = Debug|Any CPU
		{4B5A04BE-57F6-4A27-8EAB-1C2159166FDB}.Debug|Any CPU.Build.0 = Debug|Any CPU
		{4B5A04BE-57F6-4A27-8EAB-1C2159166FDB}.Release|Any CPU.ActiveCfg = Release|Any CPU
		{4B5A04BE-57F6-4A27-8EAB-1C2159166FDB}.Release|Any CPU.Build.0 = Release|Any CPU
		{2EF9B56A-8AC5-4E85-A9E6-A25BB0F54F77}.Debug|Any CPU.ActiveCfg = Debug|Any CPU
		{2EF9B56A-8AC5-4E85-A9E6-A25BB0F54F77}.Debug|Any CPU.Build.0 = Debug|Any CPU
		{2EF9B56A-8AC5-4E85-A9E6-A25BB0F54F77}.Release|Any CPU.ActiveCfg = Release|Any CPU
		{2EF9B56A-8AC5-4E85-A9E6-A25BB0F54F77}.Release|Any CPU.Build.0 = Release|Any CPU
	EndGlobalSection
	GlobalSection(SolutionProperties) = preSolution
		HideSolutionNode = FALSE
	EndGlobalSection
	GlobalSection(NestedProjects) = preSolution
		{C7D54281-3E38-4125-9387-9B331BAF4132} = {02EA681E-C7D8-13C7-8484-4AC65E1B71E8}
		{8A5B3B2C-095F-4CA9-B348-A79F8C5878D6} = {02EA681E-C7D8-13C7-8484-4AC65E1B71E8}
		{1A118D67-9CFF-4020-A875-47452A442B36} = {02EA681E-C7D8-13C7-8484-4AC65E1B71E8}
		{4B5A04BE-57F6-4A27-8EAB-1C2159166FDB} = {02EA681E-C7D8-13C7-8484-4AC65E1B71E8}
		{2EF9B56A-8AC5-4E85-A9E6-A25BB0F54F77} = {02EA681E-C7D8-13C7-8484-4AC65E1B71E8}
	EndGlobalSection
	GlobalSection(ExtensibilityGlobals) = postSolution
		SolutionGuid = {C8D17DA7-4FCF-49D8-971B-716B5B6FD3D9}
	EndGlobalSection
EndGlobal
